PODS:
  - iOSDropDown (0.2.4)
  - MarqueeLabel/Swift (3.1.6)
  - SnapKit (4.0.0)
  - VGPlayer (0.2.0):
    - SnapKit (~> 4.0.0)

DEPENDENCIES:
  - iOSDropDown
  - MarqueeLabel/Swift
  - VGPlayer (~> 0.2.0)

SPEC REPOS:
  https://github.com/cocoapods/specs.git:
    - iOSDropDown
    - MarqueeLabel
    - SnapKit
    - VGPlayer

SPEC CHECKSUMS:
  iOSDropDown: 6d928eddd336c7bc698ad0ba4b324ce3d2d43c59
  MarqueeLabel: 0c41f08ef5773e29c0f71064a8fa788a2fd8b365
  SnapKit: a42d492c16e80209130a3379f73596c3454b7694
  VGPlayer: a1787135559aa3b9201ebdc733ee283315492289

PODFILE CHECKSUM: 171f8d8f919e9ca7ab99517d45c27135e91b74f0

COCOAPODS: 1.5.3
